
Microsoft Visual Studio Solution File, Format Version 12.00
# Visual Studio Version 16
VisualStudioVersion = 16.0.30114.105
MinimumVisualStudioVersion = 10.0.40219.1
Project("{FAE04EC0-301F-11D3-BF4B-00C04F79EFBC}") = "API", "API\API.csproj", "{482F0C4C-7EC7-4E23-83DD-DC01F821555F}"
EndProject
Project("{FAE04EC0-301F-11D3-BF4B-00C04F79EFBC}") = "Tests", "Tests\Tests.csproj", "{D0B68BB5-E506-4995-A1F7-2E47773BF112}"
EndProject
Global
	GlobalSection(SolutionProperties) = preSolution
		HideSolutionNode = FALSE
	EndGlobalSection
	GlobalSection(SolutionConfigurationPlatforms) = preSolution
		Debug|Any CPU = Debug|Any CPU
		Debug|x64 = Debug|x64
		Debug|x86 = Debug|x86
		Release|Any CPU = Release|Any CPU
		Release|x64 = Release|x64
		Release|x86 = Release|x86
	EndGlobalSection
	GlobalSection(ProjectConfigurationPlatforms) = postSolution
		{482F0C4C-7EC7-4E23-83DD-DC01F821555F}.Debug|Any CPU.ActiveCfg = Debug|Any CPU
		{482F0C4C-7EC7-4E23-83DD-DC01F821555F}.Debug|Any CPU.Build.0 = Debug|Any CPU
		{482F0C4C-7EC7-4E23-83DD-DC01F821555F}.Debug|x64.ActiveCfg = Debug|Any CPU
		{482F0C4C-7EC7-4E23-83DD-DC01F821555F}.Debug|x64.Build.0 = Debug|Any CPU
		{482F0C4C-7EC7-4E23-83DD-DC01F821555F}.Debug|x86.ActiveCfg = Debug|Any CPU
		{482F0C4C-7EC7-4E23-83DD-DC01F821555F}.Debug|x86.Build.0 = Debug|Any CPU
		{482F0C4C-7EC7-4E23-83DD-DC01F821555F}.Release|Any CPU.ActiveCfg = Release|Any CPU
		{482F0C4C-7EC7-4E23-83DD-DC01F821555F}.Release|Any CPU.Build.0 = Release|Any CPU
		{482F0C4C-7EC7-4E23-83DD-DC01F821555F}.Release|x64.ActiveCfg = Release|Any CPU
		{482F0C4C-7EC7-4E23-83DD-DC01F821555F}.Release|x64.Build.0 = Release|Any CPU
		{482F0C4C-7EC7-4E23-83DD-DC01F821555F}.Release|x86.ActiveCfg = Release|Any CPU
		{482F0C4C-7EC7-4E23-83DD-DC01F821555F}.Release|x86.Build.0 = Release|Any CPU
		{D0B68BB5-E506-4995-A1F7-2E47773BF112}.Debug|Any CPU.ActiveCfg = Debug|Any CPU
		{D0B68BB5-E506-4995-A1F7-2E47773BF112}.Debug|Any CPU.Build.0 = Debug|Any CPU
		{D0B68BB5-E506-4995-A1F7-2E47773BF112}.Debug|x64.ActiveCfg = Debug|Any CPU
		{D0B68BB5-E506-4995-A1F7-2E47773BF112}.Debug|x64.Build.0 = Debug|Any CPU
		{D0B68BB5-E506-4995-A1F7-2E47773BF112}.Debug|x86.ActiveCfg = Debug|Any CPU
		{D0B68BB5-E506-4995-A1F7-2E47773BF112}.Debug|x86.Build.0 = Debug|Any CPU
		{D0B68BB5-E506-4995-A1F7-2E47773BF112}.Release|Any CPU.ActiveCfg = Release|Any CPU
		{D0B68BB5-E506-4995-A1F7-2E47773BF112}.Release|Any CPU.Build.0 = Release|Any CPU
		{D0B68BB5-E506-4995-A1F7-2E47773BF112}.Release|x64.ActiveCfg = Release|Any CPU
		{D0B68BB5-E506-4995-A1F7-2E47773BF112}.Release|x64.Build.0 = Release|Any CPU
		{D0B68BB5-E506-4995-A1F7-2E47773BF112}.Release|x86.ActiveCfg = Release|Any CPU
		{D0B68BB5-E506-4995-A1F7-2E47773BF112}.Release|x86.Build.0 = Release|Any CPU
	EndGlobalSection
EndGlobal
